<?xml version="1.0" encoding="UTF-8"?>
<CodeBlocks_project_file>
	<FileVersion major="1" minor="6"/>
	<Project>
		<Option title="Problems"/>
		<Option makefile_is_custom="1"/>
		<Option compiler="gcc"/>
		<Option virtualFolders="CMake Files\;"/>
		<Build>
			<Target title="all">
				<Option working_dir="/home/vitalyr/projects/learn/Problems"/>
				<Option type="4"/>
				<MakeCommands>
					<Build command="/usr/bin/make -f &quot;/home/vitalyr/projects/learn/Problems/Makefile&quot;  VERBOSE=1 all"/>
					<CompileFile command="/usr/bin/make -f &quot;/home/vitalyr/projects/learn/Problems/Makefile&quot;  VERBOSE=1 &quot;$file&quot;"/>
					<Clean command="/usr/bin/make -f &quot;/home/vitalyr/projects/learn/Problems/Makefile&quot;  VERBOSE=1 clean"/>
					<DistClean command="/usr/bin/make -f &quot;/home/vitalyr/projects/learn/Problems/Makefile&quot;  VERBOSE=1 clean"/>
				</MakeCommands>
			</Target>
			<Target title="rebuild_cache">
				<Option working_dir="/home/vitalyr/projects/learn/Problems"/>
				<Option type="4"/>
				<MakeCommands>
					<Build command="/usr/bin/make -f &quot;/home/vitalyr/projects/learn/Problems/Makefile&quot;  VERBOSE=1 rebuild_cache"/>
					<CompileFile command="/usr/bin/make -f &quot;/home/vitalyr/projects/learn/Problems/Makefile&quot;  VERBOSE=1 &quot;$file&quot;"/>
					<Clean command="/usr/bin/make -f &quot;/home/vitalyr/projects/learn/Problems/Makefile&quot;  VERBOSE=1 clean"/>
					<DistClean command="/usr/bin/make -f &quot;/home/vitalyr/projects/learn/Problems/Makefile&quot;  VERBOSE=1 clean"/>
				</MakeCommands>
			</Target>
			<Target title="edit_cache">
				<Option working_dir="/home/vitalyr/projects/learn/Problems"/>
				<Option type="4"/>
				<MakeCommands>
					<Build command="/usr/bin/make -f &quot;/home/vitalyr/projects/learn/Problems/Makefile&quot;  VERBOSE=1 edit_cache"/>
					<CompileFile command="/usr/bin/make -f &quot;/home/vitalyr/projects/learn/Problems/Makefile&quot;  VERBOSE=1 &quot;$file&quot;"/>
					<Clean command="/usr/bin/make -f &quot;/home/vitalyr/projects/learn/Problems/Makefile&quot;  VERBOSE=1 clean"/>
					<DistClean command="/usr/bin/make -f &quot;/home/vitalyr/projects/learn/Problems/Makefile&quot;  VERBOSE=1 clean"/>
				</MakeCommands>
			</Target>
			<Target title="multiply_array_elements_except_self">
				<Option output="/home/vitalyr/projects/learn/Problems/multiply_array_elements_except_self" prefix_auto="0" extension_auto="0"/>
				<Option working_dir="/home/vitalyr/projects/learn/Problems"/>
				<Option object_output="./"/>
				<Option type="1"/>
				<Option compiler="gcc"/>
				<Compiler/>
				<MakeCommands>
					<Build command="/usr/bin/make -f &quot;/home/vitalyr/projects/learn/Problems/Makefile&quot;  VERBOSE=1 multiply_array_elements_except_self"/>
					<CompileFile command="/usr/bin/make -f &quot;/home/vitalyr/projects/learn/Problems/Makefile&quot;  VERBOSE=1 &quot;$file&quot;"/>
					<Clean command="/usr/bin/make -f &quot;/home/vitalyr/projects/learn/Problems/Makefile&quot;  VERBOSE=1 clean"/>
					<DistClean command="/usr/bin/make -f &quot;/home/vitalyr/projects/learn/Problems/Makefile&quot;  VERBOSE=1 clean"/>
				</MakeCommands>
			</Target>
			<Target title="multiply_array_elements_except_self/fast">
				<Option output="/home/vitalyr/projects/learn/Problems/multiply_array_elements_except_self" prefix_auto="0" extension_auto="0"/>
				<Option working_dir="/home/vitalyr/projects/learn/Problems"/>
				<Option object_output="./"/>
				<Option type="1"/>
				<Option compiler="gcc"/>
				<Compiler/>
				<MakeCommands>
					<Build command="/usr/bin/make -f &quot;/home/vitalyr/projects/learn/Problems/Makefile&quot;  VERBOSE=1 multiply_array_elements_except_self/fast"/>
					<CompileFile command="/usr/bin/make -f &quot;/home/vitalyr/projects/learn/Problems/Makefile&quot;  VERBOSE=1 &quot;$file&quot;"/>
					<Clean command="/usr/bin/make -f &quot;/home/vitalyr/projects/learn/Problems/Makefile&quot;  VERBOSE=1 clean"/>
					<DistClean command="/usr/bin/make -f &quot;/home/vitalyr/projects/learn/Problems/Makefile&quot;  VERBOSE=1 clean"/>
				</MakeCommands>
			</Target>
		</Build>
		<Unit filename="/home/vitalyr/projects/learn/Problems/src/leetcode/algorithms/multiply_array_elements_except_self.cpp">
			<Option target="multiply_array_elements_except_self"/>
		</Unit>
		<Unit filename="/home/vitalyr/projects/learn/Problems/CMakeLists.txt">
			<Option virtualFolder="CMake Files\"/>
		</Unit>
	</Project>
</CodeBlocks_project_file>
